#
# This file is autogenerated by pip-compile with Python 3.11
# by the following command:
#
#    pip-compile --output-file=requirements.lock requirements.txt
#
cachetools==6.1.0
    # via -r requirements.txt
click==8.2.1
    # via -r requirements.txt
numpy==2.0.2
    # via pandas
pandas==2.2.2
    # via -r requirements.txt
portalocker==3.2.0
    # via -r requirements.txt
psutil==7.0.0
    # via -r requirements.txt
pyarrow==20.0.0
    # via -r requirements.txt
python-dateutil==2.9.0.post0
    # via pandas
pytz==2025.2
    # via pandas
six==1.17.0
    # via python-dateutil
tzdata==2025.2
    # via pandas
