#
# This file is autogenerated by pip-compile with Python 3.11
# by the following command:
#
#    pip-compile --output-file=requirements.lock requirements.txt
#
choreographer==1.0.9
    # via
    #   -r requirements.txt
    #   kaleido
et-xmlfile==2.0.0
    # via
    #   -r requirements.txt
    #   openpyxl
holidays==0.75
    # via -r requirements.txt
iniconfig==2.1.0
    # via
    #   -r requirements.txt
    #   pytest
jedi==0.19.2
    # via -r requirements.txt
kaleido==1.0.0
    # via -r requirements.txt
logistro==1.1.0
    # via
    #   -r requirements.txt
    #   choreographer
    #   kaleido
markdown-it-py==3.0.0
    # via
    #   -r requirements.txt
    #   rich
mdurl==0.1.2
    # via
    #   -r requirements.txt
    #   markdown-it-py
narwhals==1.43.1
    # via
    #   -r requirements.txt
    #   plotly
numpy==2.0.2
    # via
    #   -r requirements.txt
    #   pandas
openpyxl==3.1.5
    # via -r requirements.txt
orjson==3.10.18
    # via
    #   -r requirements.txt
    #   kaleido
packaging==24.2
    # via
    #   -r requirements.txt
    #   kaleido
    #   plotly
    #   pytest
pandas==2.2.2
    # via
    #   -r requirements.txt
    #   pandas-ta
pandas-ta==0.3.14b0
    # via -r requirements.txt
parso==0.8.4
    # via
    #   -r requirements.txt
    #   jedi
plotly==6.1.2
    # via -r requirements.txt
pluggy==1.6.0
    # via
    #   -r requirements.txt
    #   pytest
pygments==2.19.2
    # via
    #   -r requirements.txt
    #   pytest
    #   rich
pytest==8.4.1
    # via -r requirements.txt
python-dateutil==2.9.0.post0
    # via
    #   -r requirements.txt
    #   holidays
    #   pandas
python-dotenv==1.1.0
    # via -r requirements.txt
pytz==2025.2
    # via
    #   -r requirements.txt
    #   pandas
pyyaml==6.0
    # via -r requirements.txt
rich==13.9.4
    # via -r requirements.txt
simplejson==3.20.1
    # via
    #   -r requirements.txt
    #   choreographer
six==1.17.0
    # via
    #   -r requirements.txt
    #   python-dateutil
tzdata==2025.2
    # via
    #   -r requirements.txt
    #   pandas
xlsxwriter==3.2.5
    # via -r requirements.txt
